
Microsoft Visual Studio Solution File, Format Version 12.00
# Visual Studio Version 17
VisualStudioVersion = 17.0.31903.59
MinimumVisualStudioVersion = 10.0.40219.1
Project("{9A19103F-16F7-4668-BE54-9A1E7A4F7556}") = "Photojournal.Web", "Photojournal.Web\Photojournal.Web.csproj", "{E4263C9D-CA86-41BB-8ED2-61D343BB870F}"
EndProject
Project("{9A19103F-16F7-4668-BE54-9A1E7A4F7556}") = "Photojournal.Data", "Photojournal.Data\Photojournal.Data.csproj", "{06D72038-670C-44BF-B41C-AE6011F7EFC0}"
EndProject
Project("{9A19103F-16F7-4668-BE54-9A1E7A4F7556}") = "Photojournal.Models", "Photojournal.Models\Photojournal.Models.csproj", "{8139C999-4B76-4217-BA81-AB55DF10EE99}"
EndProject
Project("{9A19103F-16F7-4668-BE54-9A1E7A4F7556}") = "Photojournal.Utils", "Photojournal.Utils\Photojournal.Utils.csproj", "{7684F045-67A3-49E8-9612-BC7DB7089ACD}"
EndProject
Global
	GlobalSection(SolutionConfigurationPlatforms) = preSolution
		Debug|Any CPU = Debug|Any CPU
		Release|Any CPU = Release|Any CPU
	EndGlobalSection
	GlobalSection(ProjectConfigurationPlatforms) = postSolution
		{E4263C9D-CA86-41BB-8ED2-61D343BB870F}.Debug|Any CPU.ActiveCfg = Debug|Any CPU
		{E4263C9D-CA86-41BB-8ED2-61D343BB870F}.Debug|Any CPU.Build.0 = Debug|Any CPU
		{E4263C9D-CA86-41BB-8ED2-61D343BB870F}.Release|Any CPU.ActiveCfg = Release|Any CPU
		{E4263C9D-CA86-41BB-8ED2-61D343BB870F}.Release|Any CPU.Build.0 = Release|Any CPU
		{06D72038-670C-44BF-B41C-AE6011F7EFC0}.Debug|Any CPU.ActiveCfg = Debug|Any CPU
		{06D72038-670C-44BF-B41C-AE6011F7EFC0}.Debug|Any CPU.Build.0 = Debug|Any CPU
		{06D72038-670C-44BF-B41C-AE6011F7EFC0}.Release|Any CPU.ActiveCfg = Release|Any CPU
		{06D72038-670C-44BF-B41C-AE6011F7EFC0}.Release|Any CPU.Build.0 = Release|Any CPU
		{8139C999-4B76-4217-BA81-AB55DF10EE99}.Debug|Any CPU.ActiveCfg = Debug|Any CPU
		{8139C999-4B76-4217-BA81-AB55DF10EE99}.Debug|Any CPU.Build.0 = Debug|Any CPU
		{8139C999-4B76-4217-BA81-AB55DF10EE99}.Release|Any CPU.ActiveCfg = Release|Any CPU
		{8139C999-4B76-4217-BA81-AB55DF10EE99}.Release|Any CPU.Build.0 = Release|Any CPU
		{7684F045-67A3-49E8-9612-BC7DB7089ACD}.Debug|Any CPU.ActiveCfg = Debug|Any CPU
		{7684F045-67A3-49E8-9612-BC7DB7089ACD}.Debug|Any CPU.Build.0 = Debug|Any CPU
		{7684F045-67A3-49E8-9612-BC7DB7089ACD}.Release|Any CPU.ActiveCfg = Release|Any CPU
		{7684F045-67A3-49E8-9612-BC7DB7089ACD}.Release|Any CPU.Build.0 = Release|Any CPU
	EndGlobalSection
	GlobalSection(SolutionProperties) = preSolution
		HideSolutionNode = FALSE
	EndGlobalSection
	GlobalSection(ExtensibilityGlobals) = postSolution
		SolutionGuid = {8F89EE3E-DC4C-4931-BB16-BD89C95C2D87}
	EndGlobalSection
EndGlobal
